
Microsoft Visual Studio Solution File, Format Version 12.00
# Visual Studio Version 16
VisualStudioVersion = 16.0.31624.102
MinimumVisualStudioVersion = 10.0.40219.1
Project("{FAE04EC0-301F-11D3-BF4B-00C04F79EFBC}") = "UWPActivity.UWP", "UWPActivity.UWP\UWPActivity.UWP.csproj", "{6025A26C-BA0C-4052-B40E-DD3B3905B8DA}"
EndProject
Project("{FAE04EC0-301F-11D3-BF4B-00C04F79EFBC}") = "UWPActivity.Android", "UWPActivity.Android\UWPActivity.Android.csproj", "{3F79BDD6-A97C-49F6-A1F6-BFB5D54AEF34}"
EndProject
Project("{FAE04EC0-301F-11D3-BF4B-00C04F79EFBC}") = "UWPActivity.iOS", "UWPActivity.iOS\UWPActivity.iOS.csproj", "{0C20B918-270B-4A06-98A0-566C3CF58F27}"
EndProject
Project("{FAE04EC0-301F-11D3-BF4B-00C04F79EFBC}") = "UWPActivity", "UWPActivity\UWPActivity.csproj", "{6A0F6562-3E33-4D36-B60E-AECE0A4EDA55}"
EndProject
Global
	GlobalSection(SolutionConfigurationPlatforms) = preSolution
		Debug|Any CPU = Debug|Any CPU
		Debug|ARM = Debug|ARM
		Debug|iPhone = Debug|iPhone
		Debug|iPhoneSimulator = Debug|iPhoneSimulator
		Debug|x64 = Debug|x64
		Debug|x86 = Debug|x86
		Release|Any CPU = Release|Any CPU
		Release|ARM = Release|ARM
		Release|iPhone = Release|iPhone
		Release|iPhoneSimulator = Release|iPhoneSimulator
		Release|x64 = Release|x64
		Release|x86 = Release|x86
	EndGlobalSection
	GlobalSection(ProjectConfigurationPlatforms) = postSolution
		{6025A26C-BA0C-4052-B40E-DD3B3905B8DA}.Debug|Any CPU.ActiveCfg = Debug|x86
		{6025A26C-BA0C-4052-B40E-DD3B3905B8DA}.Debug|Any CPU.Build.0 = Debug|x86
		{6025A26C-BA0C-4052-B40E-DD3B3905B8DA}.Debug|Any CPU.Deploy.0 = Debug|x86
		{6025A26C-BA0C-4052-B40E-DD3B3905B8DA}.Debug|ARM.ActiveCfg = Debug|ARM
		{6025A26C-BA0C-4052-B40E-DD3B3905B8DA}.Debug|ARM.Build.0 = Debug|ARM
		{6025A26C-BA0C-4052-B40E-DD3B3905B8DA}.Debug|ARM.Deploy.0 = Debug|ARM
		{6025A26C-BA0C-4052-B40E-DD3B3905B8DA}.Debug|iPhone.ActiveCfg = Debug|x86
		{6025A26C-BA0C-4052-B40E-DD3B3905B8DA}.Debug|iPhone.Build.0 = Debug|x86
		{6025A26C-BA0C-4052-B40E-DD3B3905B8DA}.Debug|iPhone.Deploy.0 = Debug|x86
		{6025A26C-BA0C-4052-B40E-DD3B3905B8DA}.Debug|iPhoneSimulator.ActiveCfg = Debug|x86
		{6025A26C-BA0C-4052-B40E-DD3B3905B8DA}.Debug|iPhoneSimulator.Build.0 = Debug|x86
		{6025A26C-BA0C-4052-B40E-DD3B3905B8DA}.Debug|iPhoneSimulator.Deploy.0 = Debug|x86
		{6025A26C-BA0C-4052-B40E-DD3B3905B8DA}.Debug|x64.ActiveCfg = Debug|x64
		{6025A26C-BA0C-4052-B40E-DD3B3905B8DA}.Debug|x64.Build.0 = Debug|x64
		{6025A26C-BA0C-4052-B40E-DD3B3905B8DA}.Debug|x64.Deploy.0 = Debug|x64
		{6025A26C-BA0C-4052-B40E-DD3B3905B8DA}.Debug|x86.ActiveCfg = Debug|x86
		{6025A26C-BA0C-4052-B40E-DD3B3905B8DA}.Debug|x86.Build.0 = Debug|x86
		{6025A26C-BA0C-4052-B40E-DD3B3905B8DA}.Debug|x86.Deploy.0 = Debug|x86
		{6025A26C-BA0C-4052-B40E-DD3B3905B8DA}.Release|Any CPU.ActiveCfg = Release|x86
		{6025A26C-BA0C-4052-B40E-DD3B3905B8DA}.Release|Any CPU.Build.0 = Release|x86
		{6025A26C-BA0C-4052-B40E-DD3B3905B8DA}.Release|Any CPU.Deploy.0 = Release|x86
		{6025A26C-BA0C-4052-B40E-DD3B3905B8DA}.Release|ARM.ActiveCfg = Release|ARM
		{6025A26C-BA0C-4052-B40E-DD3B3905B8DA}.Release|ARM.Build.0 = Release|ARM
		{6025A26C-BA0C-4052-B40E-DD3B3905B8DA}.Release|ARM.Deploy.0 = Release|ARM
		{6025A26C-BA0C-4052-B40E-DD3B3905B8DA}.Release|iPhone.ActiveCfg = Release|x86
		{6025A26C-BA0C-4052-B40E-DD3B3905B8DA}.Release|iPhone.Build.0 = Release|x86
		{6025A26C-BA0C-4052-B40E-DD3B3905B8DA}.Release|iPhone.Deploy.0 = Release|x86
		{6025A26C-BA0C-4052-B40E-DD3B3905B8DA}.Release|iPhoneSimulator.ActiveCfg = Release|x86
		{6025A26C-BA0C-4052-B40E-DD3B3905B8DA}.Release|iPhoneSimulator.Build.0 = Release|x86
		{6025A26C-BA0C-4052-B40E-DD3B3905B8DA}.Release|iPhoneSimulator.Deploy.0 = Release|x86
		{6025A26C-BA0C-4052-B40E-DD3B3905B8DA}.Release|x64.ActiveCfg = Release|x64
		{6025A26C-BA0C-4052-B40E-DD3B3905B8DA}.Release|x64.Build.0 = Release|x64
		{6025A26C-BA0C-4052-B40E-DD3B3905B8DA}.Release|x64.Deploy.0 = Release|x64
		{6025A26C-BA0C-4052-B40E-DD3B3905B8DA}.Release|x86.ActiveCfg = Release|x86
		{6025A26C-BA0C-4052-B40E-DD3B3905B8DA}.Release|x86.Build.0 = Release|x86
		{6025A26C-BA0C-4052-B40E-DD3B3905B8DA}.Release|x86.Deploy.0 = Release|x86
		{3F79BDD6-A97C-49F6-A1F6-BFB5D54AEF34}.Debug|Any CPU.ActiveCfg = Debug|Any CPU
		{3F79BDD6-A97C-49F6-A1F6-BFB5D54AEF34}.Debug|Any CPU.Build.0 = Debug|Any CPU
		{3F79BDD6-A97C-49F6-A1F6-BFB5D54AEF34}.Debug|Any CPU.Deploy.0 = Debug|Any CPU
		{3F79BDD6-A97C-49F6-A1F6-BFB5D54AEF34}.Debug|ARM.ActiveCfg = Debug|Any CPU
		{3F79BDD6-A97C-49F6-A1F6-BFB5D54AEF34}.Debug|ARM.Build.0 = Debug|Any CPU
		{3F79BDD6-A97C-49F6-A1F6-BFB5D54AEF34}.Debug|ARM.Deploy.0 = Debug|Any CPU
		{3F79BDD6-A97C-49F6-A1F6-BFB5D54AEF34}.Debug|iPhone.ActiveCfg = Debug|Any CPU
		{3F79BDD6-A97C-49F6-A1F6-BFB5D54AEF34}.Debug|iPhone.Build.0 = Debug|Any CPU
		{3F79BDD6-A97C-49F6-A1F6-BFB5D54AEF34}.Debug|iPhone.Deploy.0 = Debug|Any CPU
		{3F79BDD6-A97C-49F6-A1F6-BFB5D54AEF34}.Debug|iPhoneSimulator.ActiveCfg = Debug|Any CPU
		{3F79BDD6-A97C-49F6-A1F6-BFB5D54AEF34}.Debug|iPhoneSimulator.Build.0 = Debug|Any CPU
		{3F79BDD6-A97C-49F6-A1F6-BFB5D54AEF34}.Debug|iPhoneSimulator.Deploy.0 = Debug|Any CPU
		{3F79BDD6-A97C-49F6-A1F6-BFB5D54AEF34}.Debug|x64.ActiveCfg = Debug|Any CPU
		{3F79BDD6-A97C-49F6-A1F6-BFB5D54AEF34}.Debug|x64.Build.0 = Debug|Any CPU
		{3F79BDD6-A97C-49F6-A1F6-BFB5D54AEF34}.Debug|x64.Deploy.0 = Debug|Any CPU
		{3F79BDD6-A97C-49F6-A1F6-BFB5D54AEF34}.Debug|x86.ActiveCfg = Debug|Any CPU
		{3F79BDD6-A97C-49F6-A1F6-BFB5D54AEF34}.Debug|x86.Build.0 = Debug|Any CPU
		{3F79BDD6-A97C-49F6-A1F6-BFB5D54AEF34}.Debug|x86.Deploy.0 = Debug|Any CPU
		{3F79BDD6-A97C-49F6-A1F6-BFB5D54AEF34}.Release|Any CPU.ActiveCfg = Release|Any CPU
		{3F79BDD6-A97C-49F6-A1F6-BFB5D54AEF34}.Release|Any CPU.Build.0 = Release|Any CPU
		{3F79BDD6-A97C-49F6-A1F6-BFB5D54AEF34}.Release|Any CPU.Deploy.0 = Release|Any CPU
		{3F79BDD6-A97C-49F6-A1F6-BFB5D54AEF34}.Release|ARM.ActiveCfg = Release|Any CPU
		{3F79BDD6-A97C-49F6-A1F6-BFB5D54AEF34}.Release|ARM.Build.0 = Release|Any CPU
		{3F79BDD6-A97C-49F6-A1F6-BFB5D54AEF34}.Release|ARM.Deploy.0 = Release|Any CPU
		{3F79BDD6-A97C-49F6-A1F6-BFB5D54AEF34}.Release|iPhone.ActiveCfg = Release|Any CPU
		{3F79BDD6-A97C-49F6-A1F6-BFB5D54AEF34}.Release|iPhone.Build.0 = Release|Any CPU
		{3F79BDD6-A97C-49F6-A1F6-BFB5D54AEF34}.Release|iPhone.Deploy.0 = Release|Any CPU
		{3F79BDD6-A97C-49F6-A1F6-BFB5D54AEF34}.Release|iPhoneSimulator.ActiveCfg = Release|Any CPU
		{3F79BDD6-A97C-49F6-A1F6-BFB5D54AEF34}.Release|iPhoneSimulator.Build.0 = Release|Any CPU
		{3F79BDD6-A97C-49F6-A1F6-BFB5D54AEF34}.Release|iPhoneSimulator.Deploy.0 = Release|Any CPU
		{3F79BDD6-A97C-49F6-A1F6-BFB5D54AEF34}.Release|x64.ActiveCfg = Release|Any CPU
		{3F79BDD6-A97C-49F6-A1F6-BFB5D54AEF34}.Release|x64.Build.0 = Release|Any CPU
		{3F79BDD6-A97C-49F6-A1F6-BFB5D54AEF34}.Release|x64.Deploy.0 = Release|Any CPU
		{3F79BDD6-A97C-49F6-A1F6-BFB5D54AEF34}.Release|x86.ActiveCfg = Release|Any CPU
		{3F79BDD6-A97C-49F6-A1F6-BFB5D54AEF34}.Release|x86.Build.0 = Release|Any CPU
		{3F79BDD6-A97C-49F6-A1F6-BFB5D54AEF34}.Release|x86.Deploy.0 = Release|Any CPU
		{0C20B918-270B-4A06-98A0-566C3CF58F27}.Debug|Any CPU.ActiveCfg = Debug|iPhoneSimulator
		{0C20B918-270B-4A06-98A0-566C3CF58F27}.Debug|Any CPU.Build.0 = Debug|iPhoneSimulator
		{0C20B918-270B-4A06-98A0-566C3CF58F27}.Debug|Any CPU.Deploy.0 = Debug|iPhoneSimulator
		{0C20B918-270B-4A06-98A0-566C3CF58F27}.Debug|ARM.ActiveCfg = Debug|iPhone
		{0C20B918-270B-4A06-98A0-566C3CF58F27}.Debug|ARM.Build.0 = Debug|iPhone
		{0C20B918-270B-4A06-98A0-566C3CF58F27}.Debug|ARM.Deploy.0 = Debug|iPhone
		{0C20B918-270B-4A06-98A0-566C3CF58F27}.Debug|iPhone.ActiveCfg = Debug|iPhone
		{0C20B918-270B-4A06-98A0-566C3CF58F27}.Debug|iPhone.Build.0 = Debug|iPhone
		{0C20B918-270B-4A06-98A0-566C3CF58F27}.Debug|iPhone.Deploy.0 = Debug|iPhone
		{0C20B918-270B-4A06-98A0-566C3CF58F27}.Debug|iPhoneSimulator.ActiveCfg = Debug|iPhoneSimulator
		{0C20B918-270B-4A06-98A0-566C3CF58F27}.Debug|iPhoneSimulator.Build.0 = Debug|iPhoneSimulator
		{0C20B918-270B-4A06-98A0-566C3CF58F27}.Debug|iPhoneSimulator.Deploy.0 = Debug|iPhoneSimulator
		{0C20B918-270B-4A06-98A0-566C3CF58F27}.Debug|x64.ActiveCfg = Debug|iPhoneSimulator
		{0C20B918-270B-4A06-98A0-566C3CF58F27}.Debug|x64.Build.0 = Debug|iPhoneSimulator
		{0C20B918-270B-4A06-98A0-566C3CF58F27}.Debug|x64.Deploy.0 = Debug|iPhoneSimulator
		{0C20B918-270B-4A06-98A0-566C3CF58F27}.Debug|x86.ActiveCfg = Debug|iPhoneSimulator
		{0C20B918-270B-4A06-98A0-566C3CF58F27}.Debug|x86.Build.0 = Debug|iPhoneSimulator
		{0C20B918-270B-4A06-98A0-566C3CF58F27}.Debug|x86.Deploy.0 = Debug|iPhoneSimulator
		{0C20B918-270B-4A06-98A0-566C3CF58F27}.Release|Any CPU.ActiveCfg = Release|iPhoneSimulator
		{0C20B918-270B-4A06-98A0-566C3CF58F27}.Release|Any CPU.Build.0 = Release|iPhoneSimulator
		{0C20B918-270B-4A06-98A0-566C3CF58F27}.Release|Any CPU.Deploy.0 = Release|iPhoneSimulator
		{0C20B918-270B-4A06-98A0-566C3CF58F27}.Release|ARM.ActiveCfg = Release|iPhoneSimulator
		{0C20B918-270B-4A06-98A0-566C3CF58F27}.Release|ARM.Build.0 = Release|iPhoneSimulator
		{0C20B918-270B-4A06-98A0-566C3CF58F27}.Release|ARM.Deploy.0 = Release|iPhoneSimulator
		{0C20B918-270B-4A06-98A0-566C3CF58F27}.Release|iPhone.ActiveCfg = Release|iPhone
		{0C20B918-270B-4A06-98A0-566C3CF58F27}.Release|iPhone.Build.0 = Release|iPhone
		{0C20B918-270B-4A06-98A0-566C3CF58F27}.Release|iPhone.Deploy.0 = Release|iPhone
		{0C20B918-270B-4A06-98A0-566C3CF58F27}.Release|iPhoneSimulator.ActiveCfg = Release|iPhoneSimulator
		{0C20B918-270B-4A06-98A0-566C3CF58F27}.Release|iPhoneSimulator.Build.0 = Release|iPhoneSimulator
		{0C20B918-270B-4A06-98A0-566C3CF58F27}.Release|iPhoneSimulator.Deploy.0 = Release|iPhoneSimulator
		{0C20B918-270B-4A06-98A0-566C3CF58F27}.Release|x64.ActiveCfg = Release|iPhoneSimulator
		{0C20B918-270B-4A06-98A0-566C3CF58F27}.Release|x64.Build.0 = Release|iPhoneSimulator
		{0C20B918-270B-4A06-98A0-566C3CF58F27}.Release|x64.Deploy.0 = Release|iPhoneSimulator
		{0C20B918-270B-4A06-98A0-566C3CF58F27}.Release|x86.ActiveCfg = Release|iPhoneSimulator
		{0C20B918-270B-4A06-98A0-566C3CF58F27}.Release|x86.Build.0 = Release|iPhoneSimulator
		{0C20B918-270B-4A06-98A0-566C3CF58F27}.Release|x86.Deploy.0 = Release|iPhoneSimulator
		{6A0F6562-3E33-4D36-B60E-AECE0A4EDA55}.Debug|Any CPU.ActiveCfg = Debug|Any CPU
		{6A0F6562-3E33-4D36-B60E-AECE0A4EDA55}.Debug|Any CPU.Build.0 = Debug|Any CPU
		{6A0F6562-3E33-4D36-B60E-AECE0A4EDA55}.Debug|Any CPU.Deploy.0 = Debug|Any CPU
		{6A0F6562-3E33-4D36-B60E-AECE0A4EDA55}.Debug|ARM.ActiveCfg = Debug|Any CPU
		{6A0F6562-3E33-4D36-B60E-AECE0A4EDA55}.Debug|ARM.Build.0 = Debug|Any CPU
		{6A0F6562-3E33-4D36-B60E-AECE0A4EDA55}.Debug|ARM.Deploy.0 = Debug|Any CPU
		{6A0F6562-3E33-4D36-B60E-AECE0A4EDA55}.Debug|iPhone.ActiveCfg = Debug|Any CPU
		{6A0F6562-3E33-4D36-B60E-AECE0A4EDA55}.Debug|iPhone.Build.0 = Debug|Any CPU
		{6A0F6562-3E33-4D36-B60E-AECE0A4EDA55}.Debug|iPhone.Deploy.0 = Debug|Any CPU
		{6A0F6562-3E33-4D36-B60E-AECE0A4EDA55}.Debug|iPhoneSimulator.ActiveCfg = Debug|Any CPU
		{6A0F6562-3E33-4D36-B60E-AECE0A4EDA55}.Debug|iPhoneSimulator.Build.0 = Debug|Any CPU
		{6A0F6562-3E33-4D36-B60E-AECE0A4EDA55}.Debug|iPhoneSimulator.Deploy.0 = Debug|Any CPU
		{6A0F6562-3E33-4D36-B60E-AECE0A4EDA55}.Debug|x64.ActiveCfg = Debug|Any CPU
		{6A0F6562-3E33-4D36-B60E-AECE0A4EDA55}.Debug|x64.Build.0 = Debug|Any CPU
		{6A0F6562-3E33-4D36-B60E-AECE0A4EDA55}.Debug|x64.Deploy.0 = Debug|Any CPU
		{6A0F6562-3E33-4D36-B60E-AECE0A4EDA55}.Debug|x86.ActiveCfg = Debug|Any CPU
		{6A0F6562-3E33-4D36-B60E-AECE0A4EDA55}.Debug|x86.Build.0 = Debug|Any CPU
		{6A0F6562-3E33-4D36-B60E-AECE0A4EDA55}.Debug|x86.Deploy.0 = Debug|Any CPU
		{6A0F6562-3E33-4D36-B60E-AECE0A4EDA55}.Release|Any CPU.ActiveCfg = Release|Any CPU
		{6A0F6562-3E33-4D36-B60E-AECE0A4EDA55}.Release|Any CPU.Build.0 = Release|Any CPU
		{6A0F6562-3E33-4D36-B60E-AECE0A4EDA55}.Release|Any CPU.Deploy.0 = Release|Any CPU
		{6A0F6562-3E33-4D36-B60E-AECE0A4EDA55}.Release|ARM.ActiveCfg = Release|Any CPU
		{6A0F6562-3E33-4D36-B60E-AECE0A4EDA55}.Release|ARM.Build.0 = Release|Any CPU
		{6A0F6562-3E33-4D36-B60E-AECE0A4EDA55}.Release|ARM.Deploy.0 = Release|Any CPU
		{6A0F6562-3E33-4D36-B60E-AECE0A4EDA55}.Release|iPhone.ActiveCfg = Release|Any CPU
		{6A0F6562-3E33-4D36-B60E-AECE0A4EDA55}.Release|iPhone.Build.0 = Release|Any CPU
		{6A0F6562-3E33-4D36-B60E-AECE0A4EDA55}.Release|iPhone.Deploy.0 = Release|Any CPU
		{6A0F6562-3E33-4D36-B60E-AECE0A4EDA55}.Release|iPhoneSimulator.ActiveCfg = Release|Any CPU
		{6A0F6562-3E33-4D36-B60E-AECE0A4EDA55}.Release|iPhoneSimulator.Build.0 = Release|Any CPU
		{6A0F6562-3E33-4D36-B60E-AECE0A4EDA55}.Release|iPhoneSimulator.Deploy.0 = Release|Any CPU
		{6A0F6562-3E33-4D36-B60E-AECE0A4EDA55}.Release|x64.ActiveCfg = Release|Any CPU
		{6A0F6562-3E33-4D36-B60E-AECE0A4EDA55}.Release|x64.Build.0 = Release|Any CPU
		{6A0F6562-3E33-4D36-B60E-AECE0A4EDA55}.Release|x64.Deploy.0 = Release|Any CPU
		{6A0F6562-3E33-4D36-B60E-AECE0A4EDA55}.Release|x86.ActiveCfg = Release|Any CPU
		{6A0F6562-3E33-4D36-B60E-AECE0A4EDA55}.Release|x86.Build.0 = Release|Any CPU
		{6A0F6562-3E33-4D36-B60E-AECE0A4EDA55}.Release|x86.Deploy.0 = Release|Any CPU
	EndGlobalSection
	GlobalSection(SolutionProperties) = preSolution
		HideSolutionNode = FALSE
	EndGlobalSection
	GlobalSection(ExtensibilityGlobals) = postSolution
		SolutionGuid = {56034B96-3744-4E1A-879C-685E6480AD57}
	EndGlobalSection
EndGlobal
